
Microsoft Visual Studio Solution File, Format Version 12.00
# Visual Studio Version 17
VisualStudioVersion = 17.3.32922.545
MinimumVisualStudioVersion = 10.0.40219.1
Project("{FAE04EC0-301F-11D3-BF4B-00C04F79EFBC}") = "DataBaseFirstApp", "DataBaseFirstApp\DataBaseFirstApp.csproj", "{EDE23507-939B-49DC-AC60-44BBB40A935B}"
EndProject
Global
	GlobalSection(SolutionConfigurationPlatforms) = preSolution
		Debug|Any CPU = Debug|Any CPU
		Release|Any CPU = Release|Any CPU
	EndGlobalSection
	GlobalSection(ProjectConfigurationPlatforms) = postSolution
		{EDE23507-939B-49DC-AC60-44BBB40A935B}.Debug|Any CPU.ActiveCfg = Debug|Any CPU
		{EDE23507-939B-49DC-AC60-44BBB40A935B}.Debug|Any CPU.Build.0 = Debug|Any CPU
		{EDE23507-939B-49DC-AC60-44BBB40A935B}.Release|Any CPU.ActiveCfg = Release|Any CPU
		{EDE23507-939B-49DC-AC60-44BBB40A935B}.Release|Any CPU.Build.0 = Release|Any CPU
	EndGlobalSection
	GlobalSection(SolutionProperties) = preSolution
		HideSolutionNode = FALSE
	EndGlobalSection
	GlobalSection(ExtensibilityGlobals) = postSolution
		SolutionGuid = {BE96448F-1A3B-4D3C-AE94-6B3AAF9F0967}
	EndGlobalSection
EndGlobal
